# @generated by Move, please check-in and do not edit manually.

[move]
version = 3
manifest_digest = "651C8E6C79E74D55A864E21D664A769A2046182F0F02FA44F69BA7351309D493"
deps_digest = "F8BBB0CCB2491CA29A3DF03D6F92277A4F3574266507ACD77214D37ECA3F3082"
dependencies = [
  { id = "Sui", name = "Sui" },
]

[[move.package]]
id = "MoveStdlib"
source = { git = "https://github.com/MystenLabs/sui.git", rev = "framework/mainnet", subdir = "crates/sui-framework/packages/move-stdlib" }

[[move.package]]
id = "Sui"
source = { git = "https://github.com/MystenLabs/sui.git", rev = "framework/mainnet", subdir = "crates/sui-framework/packages/sui-framework" }

dependencies = [
  { id = "MoveStdlib", name = "MoveStdlib" },
]

[move.toolchain-version]
compiler-version = "1.40.3"
edition = "2024.beta"
flavor = "sui"

[env]

[env.testnet]
chain-id = "4c78adac"
original-published-id = "0x6ea3918a8b92f4ebaf6ed86cf6ef1e5742faab02b917c3681eff76aad023374c"
latest-published-id = "0x6ea3918a8b92f4ebaf6ed86cf6ef1e5742faab02b917c3681eff76aad023374c"
published-version = "1"
